// !$*UTF8*$!
{
	archiveVersion = 1;
	classes = {
	};
	objectVersion = 46;
	objects = {

/* Begin PBXBuildFile section */
		B8B795891AE8A3110054E872 /* main.m in Sources */ = {isa = PBXBuildFile; fileRef = B8B795881AE8A3110054E872 /* main.m */; };
		B8B7958C1AE8A3110054E872 /* AppDelegate.m in Sources */ = {isa = PBXBuildFile; fileRef = B8B7958B1AE8A3110054E872 /* AppDelegate.m */; };
		B8B7958F1AE8A3110054E872 /* ViewController.m in Sources */ = {isa = PBXBuildFile; fileRef = B8B7958E1AE8A3110054E872 /* ViewController.m */; };
		B8B795921AE8A3110054E872 /* Main.storyboard in Resources */ = {isa = PBXBuildFile; fileRef = B8B795901AE8A3110054E872 /* Main.storyboard */; };
		B8B795941AE8A3110054E872 /* Images.xcassets in Resources */ = {isa = PBXBuildFile; fileRef = B8B795931AE8A3110054E872 /* Images.xcassets */; };
		B8B795971AE8A3110054E872 /* LaunchScreen.xib in Resources */ = {isa = PBXBuildFile; fileRef = B8B795951AE8A3110054E872 /* LaunchScreen.xib */; };
		B8B795A31AE8A3110054E872 /* ObjcHookerTests.m in Sources */ = {isa = PBXBuildFile; fileRef = B8B795A21AE8A3110054E872 /* ObjcHookerTests.m */; };
/* End PBXBuildFile section */

/* Begin PBXContainerItemProxy section */
		B8B7959D1AE8A3110054E872 /* PBXContainerItemProxy */ = {
			isa = PBXContainerItemProxy;
			containerPortal = B8B7957B1AE8A3110054E872 /* Project object */;
			proxyType = 1;
			remoteGlobalIDString = B8B795821AE8A3110054E872;
			remoteInfo = ObjcHooker;
		};
/* End PBXContainerItemProxy section */

/* Begin PBXFileReference section */
		B8B795831AE8A3110054E872 /* ObjcHooker.app */ = {isa = PBXFileReference; explicitFileType = wrapper.application; includeInIndex = 0; path = ObjcHooker.app; sourceTree = BUILT_PRODUCTS_DIR; };
		B8B795871AE8A3110054E872 /* Info.plist */ = {isa = PBXFileReference; lastKnownFileType = text.plist.xml; path = Info.plist; sourceTree = "<group>"; };
		B8B795881AE8A3110054E872 /* main.m */ = {isa = PBXFileReference; lastKnownFileType = sourcecode.c.objc; path = main.m; sourceTree = "<group>"; };
		B8B7958A1AE8A3110054E872 /* AppDelegate.h */ = {isa = PBXFileReference; lastKnownFileType = sourcecode.c.h; path = AppDelegate.h; sourceTree = "<group>"; };
		B8B7958B1AE8A3110054E872 /* AppDelegate.m */ = {isa = PBXFileReference; lastKnownFileType = sourcecode.c.objc; path = AppDelegate.m; sourceTree = "<group>"; };
		B8B7958D1AE8A3110054E872 /* ViewController.h */ = {isa = PBXFileReference; lastKnownFileType = sourcecode.c.h; path = ViewController.h; sourceTree = "<group>"; };
		B8B7958E1AE8A3110054E872 /* ViewController.m */ = {isa = PBXFileReference; lastKnownFileType = sourcecode.c.objc; path = ViewController.m; sourceTree = "<group>"; };
		B8B795911AE8A3110054E872 /* Base */ = {isa = PBXFileReference; lastKnownFileType = file.storyboard; name = Base; path = Base.lproj/Main.storyboard; sourceTree = "<group>"; };
		B8B795931AE8A3110054E872 /* Images.xcassets */ = {isa = PBXFileReference; lastKnownFileType = folder.assetcatalog; path = Images.xcassets; sourceTree = "<group>"; };
		B8B795961AE8A3110054E872 /* Base */ = {isa = PBXFileReference; lastKnownFileType = file.xib; name = Base; path = Base.lproj/LaunchScreen.xib; sourceTree = "<group>"; };
		B8B7959C1AE8A3110054E872 /* ObjcHookerTests.xctest */ = {isa = PBXFileReference; explicitFileType = wrapper.cfbundle; includeInIndex = 0; path = ObjcHookerTests.xctest; sourceTree = BUILT_PRODUCTS_DIR; };
		B8B795A11AE8A3110054E872 /* Info.plist */ = {isa = PBXFileReference; lastKnownFileType = text.plist.xml; path = Info.plist; sourceTree = "<group>"; };
		B8B795A21AE8A3110054E872 /* ObjcHookerTests.m */ = {isa = PBXFileReference; lastKnownFileType = sourcecode.c.objc; path = ObjcHookerTests.m; sourceTree = "<group>"; };
/* End PBXFileReference section */

/* Begin PBXFrameworksBuildPhase section */
		B8B795801AE8A3110054E872 /* Frameworks */ = {
			isa = PBXFrameworksBuildPhase;
			buildActionMask = 2147483647;
			files = (
			);
			runOnlyForDeploymentPostprocessing = 0;
		};
		B8B795991AE8A3110054E872 /* Frameworks */ = {
			isa = PBXFrameworksBuildPhase;
			buildActionMask = 2147483647;
			files = (
			);
			runOnlyForDeploymentPostprocessing = 0;
		};
/* End PBXFrameworksBuildPhase section */

/* Begin PBXGroup section */
		B8B7957A1AE8A3110054E872 = {
			isa = PBXGroup;
			children = (
				B8B795851AE8A3110054E872 /* ObjcHooker */,
				B8B7959F1AE8A3110054E872 /* ObjcHookerTests */,
				B8B795841AE8A3110054E872 /* Products */,
			);
			sourceTree = "<group>";
		};
		B8B795841AE8A3110054E872 /* Products */ = {
			isa = PBXGroup;
			children = (
				B8B795831AE8A3110054E872 /* ObjcHooker.app */,
				B8B7959C1AE8A3110054E872 /* ObjcHookerTests.xctest */,
			);
			name = Products;
			sourceTree = "<group>";
		};
		B8B795851AE8A3110054E872 /* ObjcHooker */ = {
			isa = PBXGroup;
			children = (
				B8B7958A1AE8A3110054E872 /* AppDelegate.h */,
				B8B7958B1AE8A3110054E872 /* AppDelegate.m */,
				B8B7958D1AE8A3110054E872 /* ViewController.h */,
				B8B7958E1AE8A3110054E872 /* ViewController.m */,
				B8B795901AE8A3110054E872 /* Main.storyboard */,
				B8B795931AE8A3110054E872 /* Images.xcassets */,
				B8B795951AE8A3110054E872 /* LaunchScreen.xib */,
				B8B795861AE8A3110054E872 /* Supporting Files */,
			);
			path = ObjcHooker;
			sourceTree = "<group>";
		};
		B8B795861AE8A3110054E872 /* Supporting Files */ = {
			isa = PBXGroup;
			children = (
				B8B795871AE8A3110054E872 /* Info.plist */,
				B8B795881AE8A3110054E872 /* main.m */,
			);
			name = "Supporting Files";
			sourceTree = "<group>";
		};
		B8B7959F1AE8A3110054E872 /* ObjcHookerTests */ = {
			isa = PBXGroup;
			children = (
				B8B795A21AE8A3110054E872 /* ObjcHookerTests.m */,
				B8B795A01AE8A3110054E872 /* Supporting Files */,
			);
			path = ObjcHookerTests;
			sourceTree = "<group>";
		};
		B8B795A01AE8A3110054E872 /* Supporting Files */ = {
			isa = PBXGroup;
			children = (
				B8B795A11AE8A3110054E872 /* Info.plist */,
			);
			name = "Supporting Files";
			sourceTree = "<group>";
		};
/* End PBXGroup section */

/* Begin PBXNativeTarget section */
		B8B795821AE8A3110054E872 /* ObjcHooker */ = {
			isa = PBXNativeTarget;
			buildConfigurationList = B8B795A61AE8A3110054E872 /* Build configuration list for PBXNativeTarget "ObjcHooker" */;
			buildPhases = (
				B8B7957F1AE8A3110054E872 /* Sources */,
				B8B795801AE8A3110054E872 /* Frameworks */,
				B8B795811AE8A3110054E872 /* Resources */,
			);
			buildRules = (
			);
			dependencies = (
			);
			name = ObjcHooker;
			productName = ObjcHooker;
			productReference = B8B795831AE8A3110054E872 /* ObjcHooker.app */;
			productType = "com.apple.product-type.application";
		};
		B8B7959B1AE8A3110054E872 /* ObjcHookerTests */ = {
			isa = PBXNativeTarget;
			buildConfigurationList = B8B795A91AE8A3110054E872 /* Build configuration list for PBXNativeTarget "ObjcHookerTests" */;
			buildPhases = (
				B8B795981AE8A3110054E872 /* Sources */,
				B8B795991AE8A3110054E872 /* Frameworks */,
				B8B7959A1AE8A3110054E872 /* Resources */,
			);
			buildRules = (
			);
			dependencies = (
				B8B7959E1AE8A3110054E872 /* PBXTargetDependency */,
			);
			name = ObjcHookerTests;
			productName = ObjcHookerTests;
			productReference = B8B7959C1AE8A3110054E872 /* ObjcHookerTests.xctest */;
			productType = "com.apple.product-type.bundle.unit-test";
		};
/* End PBXNativeTarget section */

/* Begin PBXProject section */
		B8B7957B1AE8A3110054E872 /* Project object */ = {
			isa = PBXProject;
			attributes = {
				LastUpgradeCheck = 0630;
				ORGANIZATIONNAME = pengbi;
				TargetAttributes = {
					B8B795821AE8A3110054E872 = {
						CreatedOnToolsVersion = 6.3;
					};
					B8B7959B1AE8A3110054E872 = {
						CreatedOnToolsVersion = 6.3;
						TestTargetID = B8B795821AE8A3110054E872;
					};
				};
			};
			buildConfigurationList = B8B7957E1AE8A3110054E872 /* Build configuration list for PBXProject "ObjcHooker" */;
			compatibilityVersion = "Xcode 3.2";
			developmentRegion = English;
			hasScannedForEncodings = 0;
			knownRegions = (
				en,
				Base,
			);
			mainGroup = B8B7957A1AE8A3110054E872;
			productRefGroup = B8B795841AE8A3110054E872 /* Products */;
			projectDirPath = "";
			projectRoot = "";
			targets = (
				B8B795821AE8A3110054E872 /* ObjcHooker */,
				B8B7959B1AE8A3110054E872 /* ObjcHookerTests */,
			);
		};
/* End PBXProject section */

/* Begin PBXResourcesBuildPhase section */
		B8B795811AE8A3110054E872 /* Resources */ = {
			isa = PBXResourcesBuildPhase;
			buildActionMask = 2147483647;
			files = (
				B8B795921AE8A3110054E872 /* Main.storyboard in Resources */,
				B8B795971AE8A3110054E872 /* LaunchScreen.xib in Resources */,
				B8B795941AE8A3110054E872 /* Images.xcassets in Resources */,
			);
			runOnlyForDeploymentPostprocessing = 0;
		};
		B8B7959A1AE8A3110054E872 /* Resources */ = {
			isa = PBXResourcesBuildPhase;
			buildActionMask = 2147483647;
			files = (
			);
			runOnlyForDeploymentPostprocessing = 0;
		};
/* End PBXResourcesBuildPhase section */

/* Begin PBXSourcesBuildPhase section */
		B8B7957F1AE8A3110054E872 /* Sources */ = {
			isa = PBXSourcesBuildPhase;
			buildActionMask = 2147483647;
			files = (
				B8B7958F1AE8A3110054E872 /* ViewController.m in Sources */,
				B8B7958C1AE8A3110054E872 /* AppDelegate.m in Sources */,
				B8B795891AE8A3110054E872 /* main.m in Sources */,
			);
			runOnlyForDeploymentPostprocessing = 0;
		};
		B8B795981AE8A3110054E872 /* Sources */ = {
			isa = PBXSourcesBuildPhase;
			buildActionMask = 2147483647;
			files = (
				B8B795A31AE8A3110054E872 /* ObjcHookerTests.m in Sources */,
			);
			runOnlyForDeploymentPostprocessing = 0;
		};
/* End PBXSourcesBuildPhase section */

/* Begin PBXTargetDependency section */
		B8B7959E1AE8A3110054E872 /* PBXTargetDependency */ = {
			isa = PBXTargetDependency;
			target = B8B795821AE8A3110054E872 /* ObjcHooker */;
			targetProxy = B8B7959D1AE8A3110054E872 /* PBXContainerItemProxy */;
		};
/* End PBXTargetDependency section */

/* Begin PBXVariantGroup section */
		B8B795901AE8A3110054E872 /* Main.storyboard */ = {
			isa = PBXVariantGroup;
			children = (
				B8B795911AE8A3110054E872 /* Base */,
			);
			name = Main.storyboard;
			sourceTree = "<group>";
		};
		B8B795951AE8A3110054E872 /* LaunchScreen.xib */ = {
			isa = PBXVariantGroup;
			children = (
				B8B795961AE8A3110054E872 /* Base */,
			);
			name = LaunchScreen.xib;
			sourceTree = "<group>";
		};
/* End PBXVariantGroup section */

/* Begin XCBuildConfiguration section */
		B8B795A41AE8A3110054E872 /* Debug */ = {
			isa = XCBuildConfiguration;
			buildSettings = {
				ALWAYS_SEARCH_USER_PATHS = NO;
				CLANG_CXX_LANGUAGE_STANDARD = "gnu++0x";
				CLANG_CXX_LIBRARY = "libc++";
				CLANG_ENABLE_MODULES = YES;
				CLANG_ENABLE_OBJC_ARC = YES;
				CLANG_WARN_BOOL_CONVERSION = YES;
				CLANG_WARN_CONSTANT_CONVERSION = YES;
				CLANG_WARN_DIRECT_OBJC_ISA_USAGE = YES_ERROR;
				CLANG_WARN_EMPTY_BODY = YES;
				CLANG_WARN_ENUM_CONVERSION = YES;
				CLANG_WARN_INT_CONVERSION = YES;
				CLANG_WARN_OBJC_ROOT_CLASS = YES_ERROR;
				CLANG_WARN_UNREACHABLE_CODE = YES;
				CLANG_WARN__DUPLICATE_METHOD_MATCH = YES;
				"CODE_SIGN_IDENTITY[sdk=iphoneos*]" = "iPhone Developer";
				COPY_PHASE_STRIP = NO;
				DEBUG_INFORMATION_FORMAT = "dwarf-with-dsym";
				ENABLE_STRICT_OBJC_MSGSEND = YES;
				GCC_C_LANGUAGE_STANDARD = gnu99;
				GCC_DYNAMIC_NO_PIC = NO;
				GCC_NO_COMMON_BLOCKS = YES;
				GCC_OPTIMIZATION_LEVEL = 0;
				GCC_PREPROCESSOR_DEFINITIONS = (
					"DEBUG=1",
					"$(inherited)",
				);
				GCC_SYMBOLS_PRIVATE_EXTERN = NO;
				GCC_WARN_64_TO_32_BIT_CONVERSION = YES;
				GCC_WARN_ABOUT_RETURN_TYPE = YES_ERROR;
				GCC_WARN_UNDECLARED_SELECTOR = YES;
				GCC_WARN_UNINITIALIZED_AUTOS = YES_AGGRESSIVE;
				GCC_WARN_UNUSED_FUNCTION = YES;
				GCC_WARN_UNUSED_VARIABLE = YES;
				IPHONEOS_DEPLOYMENT_TARGET = 8.3;
				MTL_ENABLE_DEBUG_INFO = YES;
				ONLY_ACTIVE_ARCH = YES;
				SDKROOT = iphoneos;
			};
			name = Debug;
		};
		B8B795A51AE8A3110054E872 /* Release */ = {
			isa = XCBuildConfiguration;
			buildSettings = {
				ALWAYS_SEARCH_USER_PATHS = NO;
				CLANG_CXX_LANGUAGE_STANDARD = "gnu++0x";
				CLANG_CXX_LIBRARY = "libc++";
				CLANG_ENABLE_MODULES = YES;
				CLANG_ENABLE_OBJC_ARC = YES;
				CLANG_WARN_BOOL_CONVERSION = YES;
				CLANG_WARN_CONSTANT_CONVERSION = YES;
				CLANG_WARN_DIRECT_OBJC_ISA_USAGE = YES_ERROR;
				CLANG_WARN_EMPTY_BODY = YES;
				CLANG_WARN_ENUM_CONVERSION = YES;
				CLANG_WARN_INT_CONVERSION = YES;
				CLANG_WARN_OBJC_ROOT_CLASS = YES_ERROR;
				CLANG_WARN_UNREACHABLE_CODE = YES;
				CLANG_WARN__DUPLICATE_METHOD_MATCH = YES;
				"CODE_SIGN_IDENTITY[sdk=iphoneos*]" = "iPhone Developer";
				COPY_PHASE_STRIP = NO;
				DEBUG_INFORMATION_FORMAT = "dwarf-with-dsym";
				ENABLE_NS_ASSERTIONS = NO;
				ENABLE_STRICT_OBJC_MSGSEND = YES;
				GCC_C_LANGUAGE_STANDARD = gnu99;
				GCC_NO_COMMON_BLOCKS = YES;
				GCC_WARN_64_TO_32_BIT_CONVERSION = YES;
				GCC_WARN_ABOUT_RETURN_TYPE = YES_ERROR;
				GCC_WARN_UNDECLARED_SELECTOR = YES;
				GCC_WARN_UNINITIALIZED_AUTOS = YES_AGGRESSIVE;
				GCC_WARN_UNUSED_FUNCTION = YES;
				GCC_WARN_UNUSED_VARIABLE = YES;
				IPHONEOS_DEPLOYMENT_TARGET = 8.3;
				MTL_ENABLE_DEBUG_INFO = NO;
				SDKROOT = iphoneos;
				VALIDATE_PRODUCT = YES;
			};
			name = Release;
		};
		B8B795A71AE8A3110054E872 /* Debug */ = {
			isa = XCBuildConfiguration;
			buildSettings = {
				ASSETCATALOG_COMPILER_APPICON_NAME = AppIcon;
				INFOPLIST_FILE = ObjcHooker/Info.plist;
				LD_RUNPATH_SEARCH_PATHS = "$(inherited) @executable_path/Frameworks";
				PRODUCT_NAME = "$(TARGET_NAME)";
			};
			name = Debug;
		};
		B8B795A81AE8A3110054E872 /* Release */ = {
			isa = XCBuildConfiguration;
			buildSettings = {
				ASSETCATALOG_COMPILER_APPICON_NAME = AppIcon;
				INFOPLIST_FILE = ObjcHooker/Info.plist;
				LD_RUNPATH_SEARCH_PATHS = "$(inherited) @executable_path/Frameworks";
				PRODUCT_NAME = "$(TARGET_NAME)";
			};
			name = Release;
		};
		B8B795AA1AE8A3110054E872 /* Debug */ = {
			isa = XCBuildConfiguration;
			buildSettings = {
				BUNDLE_LOADER = "$(TEST_HOST)";
				FRAMEWORK_SEARCH_PATHS = (
					"$(SDKROOT)/Developer/Library/Frameworks",
					"$(inherited)",
				);
				GCC_PREPROCESSOR_DEFINITIONS = (
					"DEBUG=1",
					"$(inherited)",
				);
				INFOPLIST_FILE = ObjcHookerTests/Info.plist;
				LD_RUNPATH_SEARCH_PATHS = "$(inherited) @executable_path/Frameworks @loader_path/Frameworks";
				PRODUCT_NAME = "$(TARGET_NAME)";
				TEST_HOST = "$(BUILT_PRODUCTS_DIR)/ObjcHooker.app/ObjcHooker";
			};
			name = Debug;
		};
		B8B795AB1AE8A3110054E872 /* Release */ = {
			isa = XCBuildConfiguration;
			buildSettings = {
				BUNDLE_LOADER = "$(TEST_HOST)";
				FRAMEWORK_SEARCH_PATHS = (
					"$(SDKROOT)/Developer/Library/Frameworks",
					"$(inherited)",
				);
				INFOPLIST_FILE = ObjcHookerTests/Info.plist;
				LD_RUNPATH_SEARCH_PATHS = "$(inherited) @executable_path/Frameworks @loader_path/Frameworks";
				PRODUCT_NAME = "$(TARGET_NAME)";
				TEST_HOST = "$(BUILT_PRODUCTS_DIR)/ObjcHooker.app/ObjcHooker";
			};
			name = Release;
		};
/* End XCBuildConfiguration section */

/* Begin XCConfigurationList section */
		B8B7957E1AE8A3110054E872 /* Build configuration list for PBXProject "ObjcHooker" */ = {
			isa = XCConfigurationList;
			buildConfigurations = (
				B8B795A41AE8A3110054E872 /* Debug */,
				B8B795A51AE8A3110054E872 /* Release */,
			);
			defaultConfigurationIsVisible = 0;
			defaultConfigurationName = Release;
		};
		B8B795A61AE8A3110054E872 /* Build configuration list for PBXNativeTarget "ObjcHooker" */ = {
			isa = XCConfigurationList;
			buildConfigurations = (
				B8B795A71AE8A3110054E872 /* Debug */,
				B8B795A81AE8A3110054E872 /* Release */,
			);
			defaultConfigurationIsVisible = 0;
		};
		B8B795A91AE8A3110054E872 /* Build configuration list for PBXNativeTarget "ObjcHookerTests" */ = {
			isa = XCConfigurationList;
			buildConfigurations = (
				B8B795AA1AE8A3110054E872 /* Debug */,
				B8B795AB1AE8A3110054E872 /* Release */,
			);
			defaultConfigurationIsVisible = 0;
		};
/* End XCConfigurationList section */
	};
	rootObject = B8B7957B1AE8A3110054E872 /* Project object */;
}
